
Microsoft Visual Studio Solution File, Format Version 12.00
# Visual Studio Version 17
VisualStudioVersion = 17.5.002.0
MinimumVisualStudioVersion = 10.0.40219.1
Project("{9A19103F-16F7-4668-BE54-9A1E7A4F7556}") = "Assign2F2023", "Assign2F2023.csproj", "{DFB9C955-5F52-4BD4-9AA8-D621833EC57A}"
EndProject
Global
	GlobalSection(SolutionConfigurationPlatforms) = preSolution
		Debug|Any CPU = Debug|Any CPU
		Release|Any CPU = Release|Any CPU
	EndGlobalSection
	GlobalSection(ProjectConfigurationPlatforms) = postSolution
		{DFB9C955-5F52-4BD4-9AA8-D621833EC57A}.Debug|Any CPU.ActiveCfg = Debug|Any CPU
		{DFB9C955-5F52-4BD4-9AA8-D621833EC57A}.Debug|Any CPU.Build.0 = Debug|Any CPU
		{DFB9C955-5F52-4BD4-9AA8-D621833EC57A}.Release|Any CPU.ActiveCfg = Release|Any CPU
		{DFB9C955-5F52-4BD4-9AA8-D621833EC57A}.Release|Any CPU.Build.0 = Release|Any CPU
	EndGlobalSection
	GlobalSection(SolutionProperties) = preSolution
		HideSolutionNode = FALSE
	EndGlobalSection
	GlobalSection(ExtensibilityGlobals) = postSolution
		SolutionGuid = {F4CCD6F2-A64E-49F9-ACAC-A3B230BEEBCD}
	EndGlobalSection
EndGlobal
